
Microsoft Visual Studio Solution File, Format Version 12.00
# Visual Studio Version 16
VisualStudioVersion = 16.0.29201.188
MinimumVisualStudioVersion = 10.0.40219.1
Project("{FAE04EC0-301F-11D3-BF4B-00C04F79EFBC}") = "LookupCollections", "LookupCollections\LookupCollections.csproj", "{5F716E35-D7EA-41E5-9D20-2FF53A6FA902}"
EndProject
Global
	GlobalSection(SolutionConfigurationPlatforms) = preSolution
		Debug|Any CPU = Debug|Any CPU
		Release|Any CPU = Release|Any CPU
	EndGlobalSection
	GlobalSection(ProjectConfigurationPlatforms) = postSolution
		{5F716E35-D7EA-41E5-9D20-2FF53A6FA902}.Debug|Any CPU.ActiveCfg = Debug|Any CPU
		{5F716E35-D7EA-41E5-9D20-2FF53A6FA902}.Debug|Any CPU.Build.0 = Debug|Any CPU
		{5F716E35-D7EA-41E5-9D20-2FF53A6FA902}.Release|Any CPU.ActiveCfg = Release|Any CPU
		{5F716E35-D7EA-41E5-9D20-2FF53A6FA902}.Release|Any CPU.Build.0 = Release|Any CPU
	EndGlobalSection
	GlobalSection(SolutionProperties) = preSolution
		HideSolutionNode = FALSE
	EndGlobalSection
	GlobalSection(ExtensibilityGlobals) = postSolution
		SolutionGuid = {D8D61C61-115E-4B85-9427-A17D997BA6B1}
	EndGlobalSection
EndGlobal
